{"SurveyEntry":{"SurveyID":"SV_2mzdanQTej4uRGS","SurveyName":"Exp Res 2022 Idea 3 Manipulate & loyalty","SurveyDescription":null,"SurveyOwnerID":"URH_6XqomuTa5EKiuZC","SurveyBrandID":"tilburgss","DivisionID":null,"SurveyLanguage":"EN","SurveyActiveResponseSet":"RS_6J1K5KnX2J2qlWm","SurveyStatus":"Inactive","SurveyStartDate":"0000-00-00 00:00:00","SurveyExpirationDate":"0000-00-00 00:00:00","SurveyCreationDate":"2022-05-07 06:30:10","CreatorID":"URH_6XqomuTa5EKiuZC","LastModified":"2022-05-10 02:16:43","LastAccessed":"0000-00-00 00:00:00","LastActivated":"2022-05-08 15:29:30","Deleted":null},"SurveyElements":[{"SurveyID":"SV_2mzdanQTej4uRGS","Element":"BL","PrimaryAttribute":"Survey Blocks","SecondaryAttribute":null,"TertiaryAttribute":null,"Payload":{"0":{"Type":"Default","Description":"Default Question Block","ID":"BL_7TIAGkqjvmp3SWW","BlockElements":[{"Type":"Question","QuestionID":"QID1"},{"Type":"Question","QuestionID":"QID13"},{"Type":"Page Break"},{"Type":"Question","QuestionID":"QID12"}],"Options":{"BlockLocking":"true","RandomizeQuestions":"false","BlockVisibility":"Collapsed","BlockPassword":""}},"1":{"Type":"Trash","Description":"Trash \/ Unused Questions","ID":"BL_8kM1JWhEua8gmLs","BlockElements":[{"Type":"Question","QuestionID":"QID7"},{"Type":"Question","QuestionID":"QID8"},{"Type":"Question","QuestionID":"QID6"},{"Type":"Question","QuestionID":"QID11"},{"Type":"Question","QuestionID":"QID9"},{"Type":"Question","QuestionID":"QID10"},{"Type":"Question","QuestionID":"QID14"},{"Type":"Question","QuestionID":"QID21"},{"Type":"Question","QuestionID":"QID17"},{"Type":"Question","QuestionID":"QID18"},{"Type":"Question","QuestionID":"QID19"},{"Type":"Question","QuestionID":"QID15"}],"Options":{"BlockLocking":"false","RandomizeQuestions":"false","BlockVisibility":"Collapsed"}},"2":{"Type":"Standard","SubType":"","Description":"Main_Block","ID":"BL_a5FJDlvk8QHZz5c","BlockElements":[{"Type":"Question","QuestionID":"QID16"},{"Type":"Question","QuestionID":"QID23"},{"Type":"Page Break"},{"Type":"Question","QuestionID":"QID5"}],"Options":{"BlockLocking":"true","RandomizeQuestions":"false","BlockVisibility":"Collapsed","BlockPassword":""}},"3":{"Type":"Standard","SubType":"","Description":"Demos","ID":"BL_24OxUubzJVl4SLc","BlockElements":[{"Type":"Question","QuestionID":"QID2"},{"Type":"Question","QuestionID":"QID3"},{"Type":"Page Break"},{"Type":"Question","QuestionID":"QID4"}],"Options":{"BlockLocking":"true","RandomizeQuestions":"false","BlockVisibility":"Collapsed","BlockPassword":""}},"7":{"Type":"Standard","SubType":"","Description":"Thanks","ID":"BL_b3AStBkevNSVlaK","BlockElements":[{"Type":"Question","QuestionID":"QID20"}],"Options":{"BlockLocking":"true","RandomizeQuestions":"false","BlockVisibility":"Collapsed","BlockPassword":""}},"8":{"Type":"Standard","SubType":"","Description":"NFU","ID":"BL_9smUSsr9GHqCasC","BlockElements":[{"Type":"Question","QuestionID":"QID22"}],"Options":{"BlockLocking":"true","RandomizeQuestions":"false","BlockVisibility":"Collapsed","BlockPassword":""}},"9":{"Type":"Standard","SubType":"","Description":"loyalty","ID":"BL_7UuW4BAICchVTZY","BlockElements":[{"Type":"Question","QuestionID":"QID24"},{"Type":"Question","QuestionID":"QID25"},{"Type":"Question","QuestionID":"QID26"}],"Options":{"BlockLocking":"true","RandomizeQuestions":"Advanced","Randomization":{"Advanced":{"FixedOrder":["{~SubSet~}","QID26"],"RandomizeAll":[],"RandomSubSet":["QID24","QID25"],"Undisplayed":[],"TotalRandSubset":1,"QuestionsPerPage":0},"EvenPresentation":false},"BlockVisibility":"Collapsed","BlockPassword":""}}}},{"SurveyID":"SV_2mzdanQTej4uRGS","Element":"FL","PrimaryAttribute":"Survey Flow","SecondaryAttribute":null,"TertiaryAttribute":null,"Payload":{"Type":"Root","FlowID":"FL_1","Flow":[{"Type":"Block","ID":"BL_7TIAGkqjvmp3SWW","FlowID":"FL_2","Autofill":[]},{"Type":"Standard","ID":"BL_a5FJDlvk8QHZz5c","FlowID":"FL_3","Autofill":[]},{"Type":"Standard","ID":"BL_7UuW4BAICchVTZY","FlowID":"FL_12","Autofill":[]},{"Type":"Standard","ID":"BL_9smUSsr9GHqCasC","FlowID":"FL_11","Autofill":[]},{"Type":"Standard","ID":"BL_24OxUubzJVl4SLc","FlowID":"FL_4","Autofill":[]},{"Type":"Standard","ID":"BL_b3AStBkevNSVlaK","FlowID":"FL_10","Autofill":[]}],"Properties":{"Count":13,"RemovedFieldsets":[]}}},{"SurveyID":"SV_2mzdanQTej4uRGS","Element":"RS","PrimaryAttribute":"RS_6J1K5KnX2J2qlWm","SecondaryAttribute":null,"TertiaryAttribute":null,"Payload":null},{"SurveyID":"SV_2mzdanQTej4uRGS","Element":"SO","PrimaryAttribute":"Survey Options","SecondaryAttribute":null,"TertiaryAttribute":null,"Payload":{"BackButton":"false","SaveAndContinue":"true","SurveyProtection":"PublicSurvey","BallotBoxStuffingPrevention":"false","NoIndex":"Yes","SecureResponseFiles":"true","SurveyExpiration":"None","SurveyTermination":"Redirect","Header":"","Footer":"","ProgressBarDisplay":"None","PartialData":"+1 week","ValidationMessage":null,"PreviousButton":" \u2190 ","NextButton":" \u2192 ","SurveyTitle":"Qualtrics Survey | Qualtrics Experience Management","SkinLibrary":"tilburgss","SkinType":"templated","Skin":{"brandingId":"7609407118","templateId":"*base","overrides":null},"NewScoring":1,"CustomStyles":[],"ProtectSelectionIds":true,"EOSMessage":null,"ShowExportTags":"false","CollectGeoLocation":"false","SurveyMetaDescription":"Survey Software, Enterprise Survey software for enterprise feedback management and CRM solutions. Enables high-quality data collection, panel management and results analysis. Perfect for market research or CRM solution (Customer Relationship Management) integration. Free trial and consultation.","PasswordProtection":"No","AnonymizeResponse":"Yes","RefererCheck":"No","UseCustomSurveyLinkCompletedMessage":null,"SurveyLinkCompletedMessage":null,"SurveyLinkCompletedMessageLibrary":null,"ResponseSummary":"No","EOSMessageLibrary":null,"EOSRedirectURL":"https:\/\/app.prolific.co\/submissions\/complete?cc=43736C20","EmailThankYou":"false","ThankYouEmailMessageLibrary":null,"ThankYouEmailMessage":null,"ValidateMessage":"false","ValidationMessageLibrary":null,"InactiveSurvey":null,"PartialDeletion":null,"PartialDataCloseAfter":"LastActivity","InactiveMessageLibrary":null,"InactiveMessage":null,"AvailableLanguages":{"EN":[]}}},{"SurveyID":"SV_2mzdanQTej4uRGS","Element":"SCO","PrimaryAttribute":"Scoring","SecondaryAttribute":null,"TertiaryAttribute":null,"Payload":{"ScoringCategories":[],"ScoringCategoryGroups":[],"ScoringSummaryCategory":null,"ScoringSummaryAfterQuestions":0,"ScoringSummaryAfterSurvey":0,"DefaultScoringCategory":null,"AutoScoringCategory":null}},{"SurveyID":"SV_2mzdanQTej4uRGS","Element":"PROJ","PrimaryAttribute":"CORE","SecondaryAttribute":null,"TertiaryAttribute":"1.1.0","Payload":{"ProjectCategory":"CORE","SchemaVersion":"1.1.0"}},{"SurveyID":"SV_2mzdanQTej4uRGS","Element":"STAT","PrimaryAttribute":"Survey Statistics","SecondaryAttribute":null,"TertiaryAttribute":null,"Payload":{"MobileCompatible":true,"ID":"Survey Statistics"}},{"SurveyID":"SV_2mzdanQTej4uRGS","Element":"SQ","PrimaryAttribute":"QID13","SecondaryAttribute":" ","TertiaryAttribute":null,"Payload":{"QuestionText":"&nbsp;","DefaultChoices":false,"DataExportTag":"consent","QuestionType":"MC","Selector":"MAVR","SubSelector":"TX","Configuration":{"QuestionDescriptionOption":"UseText"},"QuestionDescription":" ","Choices":{"1":{"Display":"I consent to participating in this study"}},"ChoiceOrder":["1"],"Validation":{"Settings":{"ForceResponse":"ON","ForceResponseType":"ON","Type":"None"}},"GradingData":[],"Language":[],"NextChoiceId":4,"NextAnswerId":1,"QuestionID":"QID13"}},{"SurveyID":"SV_2mzdanQTej4uRGS","Element":"QC","PrimaryAttribute":"Survey Question Count","SecondaryAttribute":"26","TertiaryAttribute":null,"Payload":null},{"SurveyID":"SV_2mzdanQTej4uRGS","Element":"SQ","PrimaryAttribute":"QID11","SecondaryAttribute":"Are you an IBA or BA student?","TertiaryAttribute":null,"Payload":{"QuestionText":"Are you an IBA or BA student?","DefaultChoices":false,"DataExportTag":"ba_iba","QuestionType":"MC","Selector":"SAVR","SubSelector":"TX","DataVisibility":{"Private":false,"Hidden":false},"Configuration":{"QuestionDescriptionOption":"UseText"},"QuestionDescription":"Are you an IBA or BA student?","Choices":{"1":{"Display":"BA - Dutch Program"},"2":{"Display":"IBA - English Program"}},"ChoiceOrder":[1,2],"Validation":{"Settings":{"ForceResponse":"ON","ForceResponseType":"ON","Type":"None"}},"GradingData":[],"Language":[],"NextChoiceId":5,"NextAnswerId":1,"QuestionID":"QID11"}},{"SurveyID":"SV_2mzdanQTej4uRGS","Element":"SQ","PrimaryAttribute":"QID21","SecondaryAttribute":"Click to write the question text","TertiaryAttribute":null,"Payload":{"QuestionText":"Click to write the question text","DefaultChoices":false,"DataExportTag":"Q21","QuestionType":"MC","Selector":"SAVR","SubSelector":"TX","Configuration":{"QuestionDescriptionOption":"UseText"},"QuestionDescription":"Click to write the question text","Choices":{"1":{"Display":"Click to write Choice 1"},"2":{"Display":"Click to write Choice 2"},"3":{"Display":"Click to write Choice 3"}},"ChoiceOrder":["1","2","3"],"Validation":{"Settings":{"ForceResponse":"OFF","Type":"None"}},"GradingData":[],"Language":[],"NextChoiceId":4,"NextAnswerId":1,"QuestionID":"QID21"}},{"SurveyID":"SV_2mzdanQTej4uRGS","Element":"SQ","PrimaryAttribute":"QID6","SecondaryAttribute":"Compared to the other participants of this study, how often do you buy books? \u00a0 Please use the pe..","TertiaryAttribute":null,"Payload":{"QuestionText":"<strong>Compared to the other participants of this study, how often do you <u>buy books<\/u>?<\/strong>\n<div>&nbsp;<\/div>\n\n<div>Please use the percentile scale below, where 0 = \"I'm at the very bottom,\" 50 = \"I'm exactly average,\" and 99 = \"I'm at the very top\" in terms of how often you buy books compared to other participants of this study.<\/div>\n\n<div>&nbsp;<\/div>\n\n<div><strong>Note that there is not a right or wrong answer<\/strong>, we are interested in your perception on how often you buy books&nbsp;compared to other participants of this study.<\/div>","DefaultChoices":false,"DataExportTag":"sr_books","QuestionType":"Slider","Selector":"HSLIDER","DataVisibility":{"Private":false,"Hidden":false},"Configuration":{"QuestionDescriptionOption":"UseText","CSSliderMin":0,"CSSliderMax":100,"GridLines":2,"SnapToGrid":false,"NumDecimals":"0","ShowValue":true,"CustomStart":true,"SliderStartPositions":{"1":0.5023255813953488857492857277975417673587799072265625},"NotApplicable":false,"MobileFirst":true},"QuestionDescription":"Compared to the other participants of this study, how often do you buy books? \u00a0 Please use the pe...","Choices":{"1":{"Display":"&nbsp;"}},"ChoiceOrder":[1],"Validation":{"Settings":{"ForceResponse":"ON","ForceResponseType":"ON","Type":"None"}},"GradingData":[],"Language":[],"NextChoiceId":2,"NextAnswerId":1,"Labels":[],"QuestionID":"QID6"}},{"SurveyID":"SV_2mzdanQTej4uRGS","Element":"SQ","PrimaryAttribute":"QID7","SecondaryAttribute":"Compared to the other participants of this study, how often do you buy clothes? \u00a0 Please use the...","TertiaryAttribute":null,"Payload":{"QuestionText":"<strong>Compared to the other participants of this study, how often do you <u>buy clothes<\/u>?<\/strong>\n<div>&nbsp;<\/div>\n\n<div>Please use the percentile scale below, where 0 = \"I'm at the very bottom,\" 50 = \"I'm exactly average,\" and 99 = \"I'm at the very top\" in terms of how often you buy clothes  compared to other participants of this study.<\/div>\n\n<div>&nbsp;<\/div>\n\n<div><strong>Note that there is not a right or wrong answer<\/strong>, we are interested in your perception on how often you buy clothes  compared to other participants of this study.<\/div>","DefaultChoices":false,"DataExportTag":"sr_clothes","QuestionType":"Slider","Selector":"HSLIDER","DataVisibility":{"Private":false,"Hidden":false},"Configuration":{"QuestionDescriptionOption":"UseText","CSSliderMin":0,"CSSliderMax":100,"GridLines":2,"SnapToGrid":false,"NumDecimals":"0","ShowValue":true,"CustomStart":true,"SliderStartPositions":{"1":0.5023255813953488857492857277975417673587799072265625},"NotApplicable":false,"MobileFirst":true},"QuestionDescription":"Compared to the other participants of this study, how often do you buy clothes? \u00a0 Please use the...","Choices":{"1":{"Display":"&nbsp;"}},"ChoiceOrder":[1],"Validation":{"Settings":{"ForceResponse":"ON","ForceResponseType":"ON","Type":"None"}},"GradingData":[],"Language":[],"NextChoiceId":2,"NextAnswerId":1,"Labels":[],"QuestionID":"QID7"}},{"SurveyID":"SV_2mzdanQTej4uRGS","Element":"SQ","PrimaryAttribute":"QID18","SecondaryAttribute":"Compared to the other participants of this study, how often do you buy some coffee for your home?...","TertiaryAttribute":null,"Payload":{"QuestionText":"Compared to the other participants of this study, how often do you <b>buy <\/b>some <b>coffee for your home<\/b>? (beans, grounded coffee, capsules\/pads, etc)","DefaultChoices":false,"DataExportTag":"buy_home","QuestionType":"DB","Selector":"TB","Configuration":{"QuestionDescriptionOption":"UseText"},"QuestionDescription":"Compared to the other participants of this study, how often do you buy some coffee for your home?...","ChoiceOrder":[],"Validation":{"Settings":{"Type":"None"}},"GradingData":[],"Language":[],"NextChoiceId":4,"NextAnswerId":1,"QuestionID":"QID18","DataVisibility":{"Private":false,"Hidden":false}}},{"SurveyID":"SV_2mzdanQTej4uRGS","Element":"SQ","PrimaryAttribute":"QID17","SecondaryAttribute":"Compared to the other participants of this study, how often do you drink a coffee to go? (a coffe...","TertiaryAttribute":null,"Payload":{"QuestionText":"Compared to the other participants of this study, how often do you <b>drink <\/b>a <b>coffee to go<\/b>? (a coffee from a stand or shop, that you can take with you)","DefaultChoices":false,"DataExportTag":"consume_togo","QuestionType":"DB","Selector":"TB","Configuration":{"QuestionDescriptionOption":"UseText"},"QuestionDescription":"Compared to the other participants of this study, how often do you drink a coffee to go? (a coffe...","ChoiceOrder":[],"Validation":{"Settings":{"Type":"None"}},"GradingData":[],"Language":[],"NextChoiceId":4,"NextAnswerId":1,"QuestionID":"QID17","DataVisibility":{"Private":false,"Hidden":false}}},{"SurveyID":"SV_2mzdanQTej4uRGS","Element":"SQ","PrimaryAttribute":"QID19","SecondaryAttribute":"Compared to the other participants of this study, how often do you drink some coffee at home? (fr...","TertiaryAttribute":null,"Payload":{"QuestionText":"Compared to the other participants of this study, how often do you <b>drink <\/b>some <b>coffee at home<\/b>? (from&nbsp;beans, grounded coffee, capsules\/pads, etc)","DefaultChoices":false,"DataExportTag":"consume_home","QuestionType":"DB","Selector":"TB","Configuration":{"QuestionDescriptionOption":"UseText"},"QuestionDescription":"Compared to the other participants of this study, how often do you drink some coffee at home? (fr...","ChoiceOrder":[],"Validation":{"Settings":{"Type":"None"}},"GradingData":[],"Language":[],"NextChoiceId":4,"NextAnswerId":1,"QuestionID":"QID19","DataVisibility":{"Private":false,"Hidden":false}}},{"SurveyID":"SV_2mzdanQTej4uRGS","Element":"SQ","PrimaryAttribute":"QID8","SecondaryAttribute":"Compared to the other participants of this study, how often do you go out to dinner at a bar\/rest...","TertiaryAttribute":null,"Payload":{"QuestionText":"<strong>Compared to the other participants of this study, how often do you <u>go out to dinner at a bar\/restaurant<\/u>?<\/strong>\n<div>&nbsp;<\/div>\n\n<div>Please use the percentile scale below, where 0 = \"I'm at the very bottom,\" 50 = \"I'm exactly average,\" and 99 = \"I'm at the very top\" in terms of how often you go out to dinner at a bar\/restaurant compared to other participants of this study.<\/div><div><\/div>\n\n<div><strong><br><\/strong><\/div><div><strong>Note that there is not a right or wrong answer<\/strong>, we are interested in your perception on how often you go out to dinner at a bar\/restaurant  compared to other participants of this study.<\/div>","DefaultChoices":false,"DataExportTag":"sr_dinner","QuestionType":"Slider","Selector":"HSLIDER","DataVisibility":{"Private":false,"Hidden":false},"Configuration":{"QuestionDescriptionOption":"UseText","CSSliderMin":0,"CSSliderMax":100,"GridLines":2,"SnapToGrid":false,"NumDecimals":"0","ShowValue":true,"CustomStart":true,"SliderStartPositions":{"1":0.5023255813953488857492857277975417673587799072265625},"NotApplicable":false,"MobileFirst":true},"QuestionDescription":"Compared to the other participants of this study, how often do you go out to dinner at a bar\/rest...","Choices":{"1":{"Display":"&nbsp;"}},"ChoiceOrder":[1],"Validation":{"Settings":{"ForceResponse":"ON","ForceResponseType":"ON","Type":"None"}},"GradingData":[],"Language":[],"NextChoiceId":2,"NextAnswerId":1,"Labels":[],"QuestionID":"QID8"}},{"SurveyID":"SV_2mzdanQTej4uRGS","Element":"SQ","PrimaryAttribute":"QID5","SecondaryAttribute":"For the brand you typed in earlier, please indicate how often you buy it compared to others peopl...","TertiaryAttribute":null,"Payload":{"QuestionText":"For the brand you typed in earlier, please indicate how often you buy it <b>compared to others people who buy that brand<\/b>.<br><br>Please use the percentile scale below, where 0 = \"I'm at the very bottom,\" 50 = \"I'm exactly average,\" and 100 = \"I'm at the very top\" in terms of how often you do so compared to other people who buy that brand. <br><br>Note that there is not a right or wrong answer, we are interested in your perception on how often you do this compared to others.","DefaultChoices":false,"DataExportTag":"relative_rank","QuestionType":"Slider","Selector":"HSLIDER","Configuration":{"QuestionDescriptionOption":"UseText","CSSliderMin":0,"CSSliderMax":100,"GridLines":10,"SnapToGrid":false,"NumDecimals":0,"ShowValue":true,"CustomStart":true,"NotApplicable":false,"MobileFirst":true,"SliderStartPositions":{"1":0.5}},"QuestionDescription":"For the brand you typed in earlier, please indicate how often you buy it compared to others peopl...","Choices":{"1":{"Display":"&nbsp;"}},"ChoiceOrder":[1],"Validation":{"Settings":{"ForceResponse":"RequestResponse","ForceResponseType":"RequestResponse","Type":"None"}},"GradingData":[],"Language":[],"NextChoiceId":4,"NextAnswerId":4,"Labels":{"1":{"Display":"I'm at the very bottom"},"2":{"Display":"I'm exactly average"},"3":{"Display":"I'm at the very top"}},"QuestionID":"QID5","DataVisibility":{"Private":false,"Hidden":false}}},{"SurveyID":"SV_2mzdanQTej4uRGS","Element":"SQ","PrimaryAttribute":"QID23","SecondaryAttribute":"For the product you chose above, what brand do you buy the most?","TertiaryAttribute":null,"Payload":{"QuestionText":"For the product you chose above, what brand do you buy the most?","DefaultChoices":false,"DataExportTag":"brand","QuestionType":"TE","Selector":"SL","Configuration":{"QuestionDescriptionOption":"UseText"},"QuestionDescription":"For the product you chose above, what brand do you buy the most?","Validation":{"Settings":{"ForceResponse":"ON","ForceResponseType":"ON","Type":"None"}},"GradingData":[],"Language":[],"NextChoiceId":4,"NextAnswerId":1,"SearchSource":{"AllowFreeResponse":"false"},"QuestionID":"QID23","DataVisibility":{"Private":false,"Hidden":false}}},{"SurveyID":"SV_2mzdanQTej4uRGS","Element":"SQ","PrimaryAttribute":"QID10","SecondaryAttribute":"For which of the following would you like to receive the voucher, if you win the lottery?","TertiaryAttribute":null,"Payload":{"QuestionText":"For which of the following would you like to receive the voucher, if you win the lottery?","DefaultChoices":false,"DataExportTag":"Amazon choice","QuestionID":"QID10","QuestionType":"MC","Selector":"SAVR","SubSelector":"TX","DataVisibility":{"Private":false,"Hidden":false},"Configuration":{"QuestionDescriptionOption":"UseText"},"QuestionDescription":"For which of the following would you like to receive the voucher, if you win the lottery?","Choices":{"6":{"Display":"Amazon.nl"},"7":{"Display":"Amazon.de"},"8":{"Display":"Amazon.com"}},"ChoiceOrder":["6","7","8"],"Validation":{"Settings":{"ForceResponse":"OFF","Type":"None"}},"GradingData":[],"Language":[],"NextChoiceId":9,"NextAnswerId":1}},{"SurveyID":"SV_2mzdanQTej4uRGS","Element":"SQ","PrimaryAttribute":"QID4","SecondaryAttribute":"If there is anything you would like to comment on in this survey, you can do so here. ","TertiaryAttribute":null,"Payload":{"QuestionText":"If there is anything you would like to comment on in this survey, you can do so here.&nbsp;","DefaultChoices":false,"DataExportTag":"comment","QuestionID":"QID4","QuestionType":"TE","Selector":"ESTB","Configuration":{"QuestionDescriptionOption":"UseText","InputWidth":582,"InputHeight":81},"QuestionDescription":"If there is anything you would like to comment on in this survey, you can do so here. ","Validation":{"Settings":{"ForceResponse":"OFF","Type":"None"}},"GradingData":[],"Language":[],"NextChoiceId":6,"NextAnswerId":1,"SearchSource":{"AllowFreeResponse":"false"},"DataVisibility":{"Private":false,"Hidden":false}}},{"SurveyID":"SV_2mzdanQTej4uRGS","Element":"SQ","PrimaryAttribute":"QID9","SecondaryAttribute":"If you would like to participate in the lottery for the AMAZON gift voucher of \u20ac50, please insert.","TertiaryAttribute":null,"Payload":{"QuestionText":"If you would like to participate in the lottery for the AMAZON gift voucher of &euro;50, please insert your email below.\n<div>&nbsp;<\/div>\n\n<div><strong>Your email will only be used for the lottery. It will not be linked to your responses.<\/strong><\/div>","DefaultChoices":false,"DataExportTag":"email","QuestionType":"TE","Selector":"SL","DataVisibility":{"Private":false,"Hidden":false},"Configuration":{"QuestionDescriptionOption":"UseText","InputWidth":580,"InputHeight":29},"QuestionDescription":"If you would like to participate in the lottery for the AMAZON gift voucher of \u20ac50, please insert...","Validation":{"Settings":{"ForceResponse":"OFF","Type":"ContentType","MinChars":"1","ContentType":"ValidEmail","ValidDateType":"DateWithFormat","ValidPhoneType":"ValidUSPhone","ValidZipType":"ValidUSZip","ValidNumber":{"Min":"","Max":"","NumDecimals":""}}},"GradingData":[],"Language":[],"NextChoiceId":6,"NextAnswerId":1,"SearchSource":{"AllowFreeResponse":"false"},"QuestionID":"QID9"}},{"SurveyID":"SV_2mzdanQTej4uRGS","Element":"SQ","PrimaryAttribute":"QID15","SecondaryAttribute":"In this study, we will ask you how often you buy or consumer certain products or services.\u00a0 \u00a0 In..","TertiaryAttribute":null,"Payload":{"QuestionText":"In this study, we will ask you how often you buy or consumer certain products or services.&nbsp;\n<div>&nbsp;<\/div>\n\n<div><strong>In these questions, you will compare yourself to other participants in this study, which are residents of the UK who complete surveys on Prolific.&nbsp;<\/strong><\/div>\n\n<div>&nbsp;<\/div>\n\n<div>Note that there is not a right or wrong answer.&nbsp;<\/div>\n\n<div>Please answer all questions as accurately and as honestly as possible.<\/div>","DefaultChoices":false,"DataExportTag":"intro","QuestionType":"DB","Selector":"TB","Configuration":{"QuestionDescriptionOption":"UseText"},"QuestionDescription":"In this study, we will ask you how often you buy or consumer certain products or services.\u00a0 \u00a0 In...","ChoiceOrder":[],"Validation":{"Settings":{"Type":"None"}},"GradingData":[],"Language":[],"NextChoiceId":4,"NextAnswerId":1,"QuestionID":"QID15","DataVisibility":{"Private":false,"Hidden":false}}},{"SurveyID":"SV_2mzdanQTej4uRGS","Element":"SQ","PrimaryAttribute":"QID22","SecondaryAttribute":"Please answer the questions below on what type of products you typically like to buy compared to...","TertiaryAttribute":null,"Payload":{"QuestionText":"Please answer the questions below on what type of products you typically like to buy compared to other people. This is no longer about the brand you've answered questions about earlier, but more about consumption in general. There are no right or wrong answers, we are just interested in your opinion on this.","DefaultChoices":false,"DataExportTag":"NFU_similarity","QuestionType":"Slider","Selector":"HSLIDER","Configuration":{"QuestionDescriptionOption":"UseText","CSSliderMin":-3,"CSSliderMax":3,"GridLines":6,"SnapToGrid":false,"NumDecimals":"0","ShowValue":true,"CustomStart":true,"NotApplicable":false,"MobileFirst":true,"SliderStartPositions":{"1":0.498633879781420763510624283298966474831104278564453125,"2":0.5,"3":0.50136612021857918097822448544320650398731231689453125,"4":0.498633879781420763510624283298966474831104278564453125}},"QuestionDescription":"Please answer the questions below on what type of products you typically like to buy compared to...","Choices":{"1":{"Display":"When a product I own becomes popular among the general population, I begin to use it less."},"2":{"Display":"I often try to avoid products or brands that I know are bought by the general population."},"3":{"Display":"As a rule, I dislike products or brands that are customarily bought by everyone."},"4":{"Display":"The more commonplace a product or brand is among the general population, the less interested I am in buying it."}},"ChoiceOrder":["1","2","3","4"],"Validation":{"Settings":{"ForceResponse":"RequestResponse","ForceResponseType":"RequestResponse","Type":"None"}},"GradingData":[],"Language":[],"NextChoiceId":5,"NextAnswerId":4,"Labels":{"1":{"Display":"Strongly disagree"},"2":{"Display":"Neutral"},"3":{"Display":"Strongly agree"}},"QuestionID":"QID22","DataVisibility":{"Private":false,"Hidden":false},"Randomization":{"Advanced":null,"TotalRandSubset":"","Type":"All"}}},{"SurveyID":"SV_2mzdanQTej4uRGS","Element":"SQ","PrimaryAttribute":"QID26","SecondaryAttribute":"Please answer the questions below, about the brand you have been answering questions about so far.","TertiaryAttribute":null,"Payload":{"QuestionText":"Please answer the questions below, about the brand you have been answering questions about so far.","DefaultChoices":false,"DataExportTag":"loyalty","QuestionType":"Slider","Selector":"HSLIDER","Configuration":{"QuestionDescriptionOption":"UseText","CSSliderMin":-3,"CSSliderMax":3,"GridLines":6,"SnapToGrid":false,"NumDecimals":"0","ShowValue":true,"CustomStart":true,"NotApplicable":false,"MobileFirst":true,"SliderStartPositions":{"1":0.5,"2":0.498633879781420763510624283298966474831104278564453125}},"QuestionDescription":"Please answer the questions below, about the brand you have been answering questions about so far.","Choices":{"1":{"Display":"I feel quite loyal to the brand"},"2":{"Display":"In the near future, I am quite likely to switch brands."}},"ChoiceOrder":["1","2"],"Validation":{"Settings":{"ForceResponse":"RequestResponse","ForceResponseType":"RequestResponse","Type":"None"}},"GradingData":[],"Language":[],"NextChoiceId":4,"NextAnswerId":3,"Labels":{"1":{"Display":"strongly disagree"},"2":{"Display":"strongly agree"}},"QuestionID":"QID26","DataVisibility":{"Private":false,"Hidden":false},"Randomization":{"Advanced":null,"Type":"All","TotalRandSubset":""}}},{"SurveyID":"SV_2mzdanQTej4uRGS","Element":"SQ","PrimaryAttribute":"QID12","SecondaryAttribute":"Please enter your Prolific ID here:","TertiaryAttribute":null,"Payload":{"QuestionText":"Please enter your Prolific ID here:","DefaultChoices":false,"DataExportTag":"Prolific_ID","QuestionType":"TE","Selector":"SL","Configuration":{"QuestionDescriptionOption":"UseText"},"QuestionDescription":"Please enter your Prolific ID here:","Validation":{"Settings":{"ForceResponse":"ON","ForceResponseType":"ON","Type":"None"}},"GradingData":[],"Language":[],"NextChoiceId":4,"NextAnswerId":1,"SearchSource":{"AllowFreeResponse":"false"},"QuestionID":"QID12","DataVisibility":{"Private":false,"Hidden":false}}},{"SurveyID":"SV_2mzdanQTej4uRGS","Element":"SQ","PrimaryAttribute":"QID20","SecondaryAttribute":"Thank you for participating in this study! After you continue from this last page, you will be re...","TertiaryAttribute":null,"Payload":{"QuestionText":"Thank you for participating in this study! After you continue from this last page,  you will be redirected to Prolific to claim your payment.<br><br>Your answers help us get a better understanding of how consumers think about their own consumption.<br>","DefaultChoices":false,"DataExportTag":"thanks","QuestionType":"DB","Selector":"TB","Configuration":{"QuestionDescriptionOption":"UseText"},"QuestionDescription":"Thank you for participating in this study! After you continue from this last page, you will be re...","ChoiceOrder":[],"Validation":{"Settings":{"Type":"None"}},"GradingData":[],"Language":[],"NextChoiceId":4,"NextAnswerId":1,"QuestionID":"QID20","DataVisibility":{"Private":false,"Hidden":false}}},{"SurveyID":"SV_2mzdanQTej4uRGS","Element":"SQ","PrimaryAttribute":"QID14","SecondaryAttribute":"The survey is nearly finished.\u00a0 \u00a0 When you click next, you will be redirected to Prolific app and.","TertiaryAttribute":null,"Payload":{"QuestionText":"The survey is nearly finished.&nbsp;\n<div>&nbsp;<\/div>\n\n<div>When you click next, you will be redirected to Prolific app and your participation will be recorded.&nbsp;<\/div>\n\n<div>&nbsp;<\/div>\n\n<div><strong>Please click next, or your participation won&#39;t be recorded.&nbsp;<\/strong><\/div>\n\n<div>&nbsp;<\/div>\n\n<div>Thank you!<\/div>","DefaultChoices":false,"DataExportTag":"end","QuestionID":"QID14","QuestionType":"DB","Selector":"TB","Configuration":{"QuestionDescriptionOption":"UseText"},"QuestionDescription":"The survey is nearly finished.\u00a0 \u00a0 When you click next, you will be redirected to Prolific app and...","ChoiceOrder":[],"Validation":{"Settings":{"Type":"None"}},"GradingData":[],"Language":[],"NextChoiceId":4,"NextAnswerId":1}},{"SurveyID":"SV_2mzdanQTej4uRGS","Element":"SQ","PrimaryAttribute":"QID1","SecondaryAttribute":"Welcome! Before taking part in this study, please read the consent form below and click the box a...","TertiaryAttribute":null,"Payload":{"QuestionText":"Welcome! Before taking part in this study, please read the consent form below and click the box at the bottom of the page if you understand the statements and freely consent to participate in the study.&nbsp;\n<div>&nbsp;<\/div>\n\n<div>Participation in the study typically takes approximately <strong>3 minutes<\/strong> and is <strong>anonymous<\/strong>.&nbsp;<\/div>\n\n<div>&nbsp;<\/div>\n\n<div>All responses are treated as <strong>confidential, and in no case will responses from individual participants be identified.<\/strong>&nbsp;<\/div>\n\n<div>&nbsp;<\/div>\n\n<div>Participation is voluntary.<\/div>\n\n<div>&nbsp;<\/div>\n\n<div><strong>Please answer all questions as accurately and as honestly as possible<\/strong>. We do not anticipate any discomfort arising out of this experiment. However, in case you feel that you are experiencing any risk or discomfort arising out of this experiment, you are free to withdraw from further participation at any stage of the experiment.&nbsp;<\/div>\n\n<div>&nbsp;<\/div>\n\n<div>If you have further questions about this study or your rights, or if you wish to lodge a concern, please contact Niels van de Ven of Tilburg University at N.v.d.Ven@tilburguniversity.edu.<\/div>","DefaultChoices":false,"DataExportTag":"","QuestionID":"QID1","QuestionType":"DB","Selector":"TB","DataVisibility":{"Private":false,"Hidden":false},"Configuration":{"QuestionDescriptionOption":"UseText"},"QuestionDescription":"Welcome! Before taking part in this study, please read the consent form below and click the box a...","ChoiceOrder":[],"Validation":{"Settings":{"Type":"None"}},"GradingData":[],"Language":[],"NextChoiceId":4,"NextAnswerId":1}},{"SurveyID":"SV_2mzdanQTej4uRGS","Element":"SQ","PrimaryAttribute":"QID2","SecondaryAttribute":"What is your age?","TertiaryAttribute":null,"Payload":{"QuestionText":"What is your age?","DefaultChoices":false,"DataExportTag":"Age","QuestionType":"TE","Selector":"SL","Configuration":{"QuestionDescriptionOption":"UseText"},"QuestionDescription":"What is your age?","Validation":{"Settings":{"ForceResponse":"RequestResponse","ForceResponseType":"RequestResponse","Type":"ContentType","MinChars":"1","ContentType":"ValidNumber","ValidDateType":"DateWithFormat","ValidPhoneType":"ValidUSPhone","ValidZipType":"ValidUSZip","ValidNumber":{"Min":"","Max":"","NumDecimals":""}}},"GradingData":[],"Language":[],"NextChoiceId":4,"NextAnswerId":1,"SearchSource":{"AllowFreeResponse":"false"},"QuestionID":"QID2","DataVisibility":{"Private":false,"Hidden":false}}},{"SurveyID":"SV_2mzdanQTej4uRGS","Element":"SQ","PrimaryAttribute":"QID3","SecondaryAttribute":"What is your gender?","TertiaryAttribute":null,"Payload":{"QuestionText":"What is your gender?","DefaultChoices":false,"DataExportTag":"gender","QuestionType":"MC","Selector":"SAVR","SubSelector":"TX","Configuration":{"QuestionDescriptionOption":"UseText"},"QuestionDescription":"What is your gender?","Choices":{"1":{"Display":"Male"},"2":{"Display":"Female"},"3":{"Display":"Non-binary \/ third gender"},"4":{"Display":"Prefer not to say"}},"ChoiceOrder":[1,2,3,4],"Validation":{"Settings":{"ForceResponse":"RequestResponse","ForceResponseType":"RequestResponse","Type":"None"}},"GradingData":[],"Language":[],"NextChoiceId":5,"NextAnswerId":1,"QuestionID":"QID3","DataVisibility":{"Private":false,"Hidden":false}}},{"SurveyID":"SV_2mzdanQTej4uRGS","Element":"SQ","PrimaryAttribute":"QID16","SecondaryAttribute":"Which of the following products do you buy most frequently?","TertiaryAttribute":null,"Payload":{"QuestionText":"Which of the following products do you buy most frequently?<br>","DefaultChoices":false,"DataExportTag":"product_choice","QuestionID":"QID16","QuestionType":"MC","Selector":"SAVR","SubSelector":"TX","DataVisibility":{"Private":false,"Hidden":false},"Configuration":{"QuestionDescriptionOption":"UseText"},"QuestionDescription":"Which of the following products do you buy most frequently?","Choices":{"4":{"Display":"Coffee"},"6":{"Display":"Cola"},"7":{"Display":"Tea"}},"ChoiceOrder":["4","6","7"],"Validation":{"Settings":{"ForceResponse":"OFF","Type":"None"}},"GradingData":[],"Language":[],"NextChoiceId":9,"NextAnswerId":1}},{"SurveyID":"SV_2mzdanQTej4uRGS","Element":"SQ","PrimaryAttribute":"QID24","SecondaryAttribute":"You've just indicated how often you think you buy the brand to other people who buy the brand. No...","TertiaryAttribute":null,"Payload":{"QuestionText":"You've just indicated how often you think you buy the brand to other people who buy the brand.<br><br>Now we'll ask you some questions about your loyalty to the brand.<br><br>","DefaultChoices":false,"DataExportTag":"control","QuestionType":"DB","Selector":"TB","Configuration":{"QuestionDescriptionOption":"UseText"},"QuestionDescription":"You've just indicated how often you think you buy the brand to other people who buy the brand. No...","ChoiceOrder":[],"Validation":{"Settings":{"Type":"None"}},"GradingData":[],"Language":[],"NextChoiceId":4,"NextAnswerId":1,"QuestionID":"QID24","DataVisibility":{"Private":false,"Hidden":false}}},{"SurveyID":"SV_2mzdanQTej4uRGS","Element":"SQ","PrimaryAttribute":"QID25","SecondaryAttribute":"You've just indicated how often you think you buy the brand to other people who buy the brand.Our...","TertiaryAttribute":null,"Payload":{"QuestionText":"You've just indicated how often you think you buy the brand to other people who buy the brand. <br><br><b>Our research finds that people typically underestimate this<\/b>: Their actual position is on average some <b>20 points higher<\/b>. So someone who thought they are somewhere at the bottom 35%, are actually in 55th percentile. Someone who thinks they are in the top 40%, are actually likely in the top 20%.<br><br>Now we'll ask you some questions about your loyalty to the brand.","DefaultChoices":false,"DataExportTag":"higher","QuestionType":"DB","Selector":"TB","Configuration":{"QuestionDescriptionOption":"UseText"},"QuestionDescription":"You've just indicated how often you think you buy the brand to other people who buy the brand.Our...","ChoiceOrder":[],"Validation":{"Settings":{"Type":"None"}},"GradingData":[],"Language":[],"NextChoiceId":4,"NextAnswerId":1,"QuestionID":"QID25","DataVisibility":{"Private":false,"Hidden":false}}}]}